
Microsoft Visual Studio Solution File, Format Version 12.00
Project("{FAE04EC0-301F-11D3-BF4B-00C04F79EFBC}") = "Part2_HotelReservationSystem", "Part2_HotelReservationSystem/Part2_HotelReservationSystem.csproj", "{42273D41-F858-47CA-BF39-3A9D74630A2C}"
EndProject
Global
	GlobalSection(SolutionConfigurationPlatforms) = preSolution
		Debug|Any CPU = Debug|Any CPU
		Release|Any CPU = Release|Any CPU
	EndGlobalSection
	GlobalSection(ProjectConfigurationPlatforms) = postSolution
		{42273D41-F858-47CA-BF39-3A9D74630A2C}.Debug|Any CPU.ActiveCfg = Debug|Any CPU
		{42273D41-F858-47CA-BF39-3A9D74630A2C}.Debug|Any CPU.Build.0 = Debug|Any CPU
		{42273D41-F858-47CA-BF39-3A9D74630A2C}.Release|Any CPU.ActiveCfg = Release|Any CPU
		{42273D41-F858-47CA-BF39-3A9D74630A2C}.Release|Any CPU.Build.0 = Release|Any CPU
	EndGlobalSection
EndGlobal
